
Microsoft Visual Studio Solution File, Format Version 12.00
# Visual Studio Version 16
VisualStudioVersion = 16.0.31321.278
MinimumVisualStudioVersion = 10.0.40219.1
Project("{FAE04EC0-301F-11D3-BF4B-00C04F79EFBC}") = "NeuralNetStudioExcel", "NeuralNetStudioExcel\NeuralNetStudioExcel.csproj", "{7FF05C6E-EEE6-4DAF-9154-8EE255640380}"
EndProject
Project("{9A19103F-16F7-4668-BE54-9A1E7A4F7556}") = "NeuralNetStudioExcelAddin", "NeuralNetStudioExcelAddin\NeuralNetStudioExcelAddin.csproj", "{1CD01AE6-D504-472C-8666-4E3B021638B5}"
EndProject
Global
	GlobalSection(SolutionConfigurationPlatforms) = preSolution
		Debug|Any CPU = Debug|Any CPU
		Release|Any CPU = Release|Any CPU
	EndGlobalSection
	GlobalSection(ProjectConfigurationPlatforms) = postSolution
		{7FF05C6E-EEE6-4DAF-9154-8EE255640380}.Debug|Any CPU.ActiveCfg = Debug|Any CPU
		{7FF05C6E-EEE6-4DAF-9154-8EE255640380}.Debug|Any CPU.Build.0 = Debug|Any CPU
		{7FF05C6E-EEE6-4DAF-9154-8EE255640380}.Debug|Any CPU.Deploy.0 = Debug|Any CPU
		{7FF05C6E-EEE6-4DAF-9154-8EE255640380}.Release|Any CPU.ActiveCfg = Release|Any CPU
		{7FF05C6E-EEE6-4DAF-9154-8EE255640380}.Release|Any CPU.Build.0 = Release|Any CPU
		{7FF05C6E-EEE6-4DAF-9154-8EE255640380}.Release|Any CPU.Deploy.0 = Release|Any CPU
		{1CD01AE6-D504-472C-8666-4E3B021638B5}.Debug|Any CPU.ActiveCfg = Debug|Any CPU
		{1CD01AE6-D504-472C-8666-4E3B021638B5}.Debug|Any CPU.Build.0 = Debug|Any CPU
		{1CD01AE6-D504-472C-8666-4E3B021638B5}.Release|Any CPU.ActiveCfg = Release|Any CPU
		{1CD01AE6-D504-472C-8666-4E3B021638B5}.Release|Any CPU.Build.0 = Release|Any CPU
	EndGlobalSection
	GlobalSection(SolutionProperties) = preSolution
		HideSolutionNode = FALSE
	EndGlobalSection
	GlobalSection(ExtensibilityGlobals) = postSolution
		SolutionGuid = {A2421482-7449-4A4F-8BC2-C18C369413F2}
	EndGlobalSection
EndGlobal
